
Microsoft Visual Studio Solution File, Format Version 12.00
# Visual Studio Version 17
VisualStudioVersion = 17.13.35825.156 d17.13
MinimumVisualStudioVersion = 10.0.40219.1
Project("{FAE04EC0-301F-11D3-BF4B-00C04F79EFBC}") = "truth or dare", "truth or dare\truth or dare.csproj", "{1B0702E1-C4EC-4B90-84E6-E79ACA82D303}"
EndProject
Global
	GlobalSection(SolutionConfigurationPlatforms) = preSolution
		Debug|Any CPU = Debug|Any CPU
		Release|Any CPU = Release|Any CPU
	EndGlobalSection
	GlobalSection(ProjectConfigurationPlatforms) = postSolution
		{1B0702E1-C4EC-4B90-84E6-E79ACA82D303}.Debug|Any CPU.ActiveCfg = Debug|Any CPU
		{1B0702E1-C4EC-4B90-84E6-E79ACA82D303}.Debug|Any CPU.Build.0 = Debug|Any CPU
		{1B0702E1-C4EC-4B90-84E6-E79ACA82D303}.Release|Any CPU.ActiveCfg = Release|Any CPU
		{1B0702E1-C4EC-4B90-84E6-E79ACA82D303}.Release|Any CPU.Build.0 = Release|Any CPU
	EndGlobalSection
	GlobalSection(SolutionProperties) = preSolution
		HideSolutionNode = FALSE
	EndGlobalSection
	GlobalSection(ExtensibilityGlobals) = postSolution
		SolutionGuid = {3B9920AD-4320-4D9C-9B11-9BC99125B496}
	EndGlobalSection
EndGlobal
